# THIS IS AN AUTOGENERATED FILE. DO NOT EDIT THIS FILE DIRECTLY.
# yarn lockfile v1


react-hook-form@^7.56.4:
  version "7.56.4"
  resolved "https://registry.yarnpkg.com/react-hook-form/-/react-hook-form-7.56.4.tgz#273f55d43fb24ace3e2b9409d0d5326306d7905e"
  integrity sha512-Rob7Ftz2vyZ/ZGsQZPaRdIefkgOSrQSPXfqBdvOPwJfoGnjwRJUs7EM7Kc1mcoDv3NOtqBzPGbcMB8CGn9CKgw==
